Microsoft Visual Studio Solution File, Format Version 11.00
# Visual Studio 2008

Project("{AD85D686-A56A-D797-76D4-7334DBBBE1B9}") = "BuildAShip", "Assembly-CSharp.csproj", "{7BEBDD00-D310-C864-7EC6-9C0A90A7038A}"
EndProject
Global
	GlobalSection(SolutionConfigurationPlatforms) = preSolution
		Debug|Any CPU = Debug|Any CPU
		Release|Any CPU = Release|Any CPU
	EndGlobalSection
	GlobalSection(ProjectConfigurationPlatforms) = postSolution
		{7BEBDD00-D310-C864-7EC6-9C0A90A7038A}.Debug|Any CPU.ActiveCfg = Debug|Any CPU
		{7BEBDD00-D310-C864-7EC6-9C0A90A7038A}.Debug|Any CPU.Build.0 = Debug|Any CPU
		{7BEBDD00-D310-C864-7EC6-9C0A90A7038A}.Release|Any CPU.ActiveCfg = Release|Any CPU
		{7BEBDD00-D310-C864-7EC6-9C0A90A7038A}.Release|Any CPU.Build.0 = Release|Any CPU
	EndGlobalSection
	GlobalSection(SolutionProperties) = preSolution
		HideSolutionNode = FALSE
	EndGlobalSection
	GlobalSection(MonoDevelopProperties) = preSolution
		StartupItem = Assembly-CSharp.csproj
	EndGlobalSection
EndGlobal
