Microsoft Visual Studio Solution File, Format Version 11.00
# Visual Studio 2008

Project("{AB6D710C-779A-37A3-550F-ADC08789D55E}") = "BuildAShip-kopi", "Assembly-CSharp.csproj", "{100CDA35-382D-8685-D733-E5DF4C8C4C16}"
EndProject
Project("{AB6D710C-779A-37A3-550F-ADC08789D55E}") = "BuildAShip-kopi", "Assembly-CSharp-Editor.csproj", "{E31918A8-07E6-567E-0119-6E11FC774094}"
EndProject
Global
	GlobalSection(SolutionConfigurationPlatforms) = preSolution
		Debug|Any CPU = Debug|Any CPU
		Release|Any CPU = Release|Any CPU
	EndGlobalSection
	GlobalSection(ProjectConfigurationPlatforms) = postSolution
		{100CDA35-382D-8685-D733-E5DF4C8C4C16}.Debug|Any CPU.ActiveCfg = Debug|Any CPU
		{100CDA35-382D-8685-D733-E5DF4C8C4C16}.Debug|Any CPU.Build.0 = Debug|Any CPU
		{100CDA35-382D-8685-D733-E5DF4C8C4C16}.Release|Any CPU.ActiveCfg = Release|Any CPU
		{100CDA35-382D-8685-D733-E5DF4C8C4C16}.Release|Any CPU.Build.0 = Release|Any CPU
		{E31918A8-07E6-567E-0119-6E11FC774094}.Debug|Any CPU.ActiveCfg = Debug|Any CPU
		{E31918A8-07E6-567E-0119-6E11FC774094}.Debug|Any CPU.Build.0 = Debug|Any CPU
		{E31918A8-07E6-567E-0119-6E11FC774094}.Release|Any CPU.ActiveCfg = Release|Any CPU
		{E31918A8-07E6-567E-0119-6E11FC774094}.Release|Any CPU.Build.0 = Release|Any CPU
	EndGlobalSection
	GlobalSection(SolutionProperties) = preSolution
		HideSolutionNode = FALSE
	EndGlobalSection
	GlobalSection(MonoDevelopProperties) = preSolution
		StartupItem = Assembly-CSharp.csproj
	EndGlobalSection
EndGlobal
